
Microsoft Visual Studio Solution File, Format Version 12.00
# Visual Studio Version 16
VisualStudioVersion = 16.0.31205.134
MinimumVisualStudioVersion = 10.0.40219.1
Project("{9A19103F-16F7-4668-BE54-9A1E7A4F7556}") = "MontyHallProblem", "MontyHallProblem\MontyHallProblem.csproj", "{35591BF6-5646-4019-A038-5465A9128BF7}"
EndProject
Project("{FAE04EC0-301F-11D3-BF4B-00C04F79EFBC}") = "MontyHallProblem.xUnitTest", "MontyHallProblem.xUnitTest\MontyHallProblem.xUnitTest.csproj", "{AAE16051-5F0C-49B6-A195-8B16AFD4BE4F}"
EndProject
Global
	GlobalSection(SolutionConfigurationPlatforms) = preSolution
		Debug|Any CPU = Debug|Any CPU
		Release|Any CPU = Release|Any CPU
	EndGlobalSection
	GlobalSection(ProjectConfigurationPlatforms) = postSolution
		{35591BF6-5646-4019-A038-5465A9128BF7}.Debug|Any CPU.ActiveCfg = Debug|Any CPU
		{35591BF6-5646-4019-A038-5465A9128BF7}.Debug|Any CPU.Build.0 = Debug|Any CPU
		{35591BF6-5646-4019-A038-5465A9128BF7}.Release|Any CPU.ActiveCfg = Release|Any CPU
		{35591BF6-5646-4019-A038-5465A9128BF7}.Release|Any CPU.Build.0 = Release|Any CPU
		{AAE16051-5F0C-49B6-A195-8B16AFD4BE4F}.Debug|Any CPU.ActiveCfg = Debug|Any CPU
		{AAE16051-5F0C-49B6-A195-8B16AFD4BE4F}.Debug|Any CPU.Build.0 = Debug|Any CPU
		{AAE16051-5F0C-49B6-A195-8B16AFD4BE4F}.Release|Any CPU.ActiveCfg = Release|Any CPU
		{AAE16051-5F0C-49B6-A195-8B16AFD4BE4F}.Release|Any CPU.Build.0 = Release|Any CPU
	EndGlobalSection
	GlobalSection(SolutionProperties) = preSolution
		HideSolutionNode = FALSE
	EndGlobalSection
	GlobalSection(ExtensibilityGlobals) = postSolution
		SolutionGuid = {CEA2CF8D-8E96-47EE-8BDC-303B2F643D53}
	EndGlobalSection
EndGlobal
